// !$*UTF8*$!
{
	archiveVersion = 1;
	classes = {
	};
	objectVersion = 55;
	objects = {

/* Begin PBXBuildFile section */
		2D720E68281B1C1E00D12555 /* SwiftUIOhMyApp.swift in Sources */ = {isa = PBXBuildFile; fileRef = 2D720E67281B1C1E00D12555 /* SwiftUIOhMyApp.swift */; };
		2D720E6A281B1C1E00D12555 /* ContentView.swift in Sources */ = {isa = PBXBuildFile; fileRef = 2D720E69281B1C1E00D12555 /* ContentView.swift */; };
		2D720E6C281B1C1F00D12555 /* Assets.xcassets in Resources */ = {isa = PBXBuildFile; fileRef = 2D720E6B281B1C1F00D12555 /* Assets.xcassets */; };
		2D720E6F281B1C1F00D12555 /* Preview Assets.xcassets in Resources */ = {isa = PBXBuildFile; fileRef = 2D720E6E281B1C1F00D12555 /* Preview Assets.xcassets */; };
		2D720E79281B1C1F00D12555 /* SwiftUIOhMyTests.swift in Sources */ = {isa = PBXBuildFile; fileRef = 2D720E78281B1C1F00D12555 /* SwiftUIOhMyTests.swift */; };
		2D720E83281B1C1F00D12555 /* SwiftUIOhMyUITests.swift in Sources */ = {isa = PBXBuildFile; fileRef = 2D720E82281B1C1F00D12555 /* SwiftUIOhMyUITests.swift */; };
		2D720E85281B1C1F00D12555 /* SwiftUIOhMyUITestsLaunchTests.swift in Sources */ = {isa = PBXBuildFile; fileRef = 2D720E84281B1C1F00D12555 /* SwiftUIOhMyUITestsLaunchTests.swift */; };
/* End PBXBuildFile section */

/* Begin PBXContainerItemProxy section */
		2D720E75281B1C1F00D12555 /* PBXContainerItemProxy */ = {
			isa = PBXContainerItemProxy;
			containerPortal = 2D720E5C281B1C1E00D12555 /* Project object */;
			proxyType = 1;
			remoteGlobalIDString = 2D720E63281B1C1E00D12555;
			remoteInfo = SwiftUIOhMy;
		};
		2D720E7F281B1C1F00D12555 /* PBXContainerItemProxy */ = {
			isa = PBXContainerItemProxy;
			containerPortal = 2D720E5C281B1C1E00D12555 /* Project object */;
			proxyType = 1;
			remoteGlobalIDString = 2D720E63281B1C1E00D12555;
			remoteInfo = SwiftUIOhMy;
		};
/* End PBXContainerItemProxy section */

/* Begin PBXFileReference section */
		2D720E64281B1C1E00D12555 /* SwiftUIOhMy.app */ = {isa = PBXFileReference; explicitFileType = wrapper.application; includeInIndex = 0; path = SwiftUIOhMy.app; sourceTree = BUILT_PRODUCTS_DIR; };
		2D720E67281B1C1E00D12555 /* SwiftUIOhMyApp.swift */ = {isa = PBXFileReference; lastKnownFileType = sourcecode.swift; path = SwiftUIOhMyApp.swift; sourceTree = "<group>"; };
		2D720E69281B1C1E00D12555 /* ContentView.swift */ = {isa = PBXFileReference; lastKnownFileType = sourcecode.swift; path = ContentView.swift; sourceTree = "<group>"; };
		2D720E6B281B1C1F00D12555 /* Assets.xcassets */ = {isa = PBXFileReference; lastKnownFileType = folder.assetcatalog; path = Assets.xcassets; sourceTree = "<group>"; };
		2D720E6E281B1C1F00D12555 /* Preview Assets.xcassets */ = {isa = PBXFileReference; lastKnownFileType = folder.assetcatalog; path = "Preview Assets.xcassets"; sourceTree = "<group>"; };
		2D720E74281B1C1F00D12555 /* SwiftUIOhMyTests.xctest */ = {isa = PBXFileReference; explicitFileType = wrapper.cfbundle; includeInIndex = 0; path = SwiftUIOhMyTests.xctest; sourceTree = BUILT_PRODUCTS_DIR; };
		2D720E78281B1C1F00D12555 /* SwiftUIOhMyTests.swift */ = {isa = PBXFileReference; lastKnownFileType = sourcecode.swift; path = SwiftUIOhMyTests.swift; sourceTree = "<group>"; };
		2D720E7E281B1C1F00D12555 /* SwiftUIOhMyUITests.xctest */ = {isa = PBXFileReference; explicitFileType = wrapper.cfbundle; includeInIndex = 0; path = SwiftUIOhMyUITests.xctest; sourceTree = BUILT_PRODUCTS_DIR; };
		2D720E82281B1C1F00D12555 /* SwiftUIOhMyUITests.swift */ = {isa = PBXFileReference; lastKnownFileType = sourcecode.swift; path = SwiftUIOhMyUITests.swift; sourceTree = "<group>"; };
		2D720E84281B1C1F00D12555 /* SwiftUIOhMyUITestsLaunchTests.swift */ = {isa = PBXFileReference; lastKnownFileType = sourcecode.swift; path = SwiftUIOhMyUITestsLaunchTests.swift; sourceTree = "<group>"; };
/* End PBXFileReference section */

/* Begin PBXFrameworksBuildPhase section */
		2D720E61281B1C1E00D12555 /* Frameworks */ = {
			isa = PBXFrameworksBuildPhase;
			buildActionMask = 2147483647;
			files = (
			);
			runOnlyForDeploymentPostprocessing = 0;
		};
		2D720E71281B1C1F00D12555 /* Frameworks */ = {
			isa = PBXFrameworksBuildPhase;
			buildActionMask = 2147483647;
			files = (
			);
			runOnlyForDeploymentPostprocessing = 0;
		};
		2D720E7B281B1C1F00D12555 /* Frameworks */ = {
			isa = PBXFrameworksBuildPhase;
			buildActionMask = 2147483647;
			files = (
			);
			runOnlyForDeploymentPostprocessing = 0;
		};
/* End PBXFrameworksBuildPhase section */

/* Begin PBXGroup section */
		2D720E5B281B1C1E00D12555 = {
			isa = PBXGroup;
			children = (
				2D720E66281B1C1E00D12555 /* SwiftUIOhMy */,
				2D720E77281B1C1F00D12555 /* SwiftUIOhMyTests */,
				2D720E81281B1C1F00D12555 /* SwiftUIOhMyUITests */,
				2D720E65281B1C1E00D12555 /* Products */,
			);
			sourceTree = "<group>";
		};
		2D720E65281B1C1E00D12555 /* Products */ = {
			isa = PBXGroup;
			children = (
				2D720E64281B1C1E00D12555 /* SwiftUIOhMy.app */,
				2D720E74281B1C1F00D12555 /* SwiftUIOhMyTests.xctest */,
				2D720E7E281B1C1F00D12555 /* SwiftUIOhMyUITests.xctest */,
			);
			name = Products;
			sourceTree = "<group>";
		};
		2D720E66281B1C1E00D12555 /* SwiftUIOhMy */ = {
			isa = PBXGroup;
			children = (
				2D720E67281B1C1E00D12555 /* SwiftUIOhMyApp.swift */,
				2D720E69281B1C1E00D12555 /* ContentView.swift */,
				2D720E6B281B1C1F00D12555 /* Assets.xcassets */,
				2D720E6D281B1C1F00D12555 /* Preview Content */,
			);
			path = SwiftUIOhMy;
			sourceTree = "<group>";
		};
		2D720E6D281B1C1F00D12555 /* Preview Content */ = {
			isa = PBXGroup;
			children = (
				2D720E6E281B1C1F00D12555 /* Preview Assets.xcassets */,
			);
			path = "Preview Content";
			sourceTree = "<group>";
		};
		2D720E77281B1C1F00D12555 /* SwiftUIOhMyTests */ = {
			isa = PBXGroup;
			children = (
				2D720E78281B1C1F00D12555 /* SwiftUIOhMyTests.swift */,
			);
			path = SwiftUIOhMyTests;
			sourceTree = "<group>";
		};
		2D720E81281B1C1F00D12555 /* SwiftUIOhMyUITests */ = {
			isa = PBXGroup;
			children = (
				2D720E82281B1C1F00D12555 /* SwiftUIOhMyUITests.swift */,
				2D720E84281B1C1F00D12555 /* SwiftUIOhMyUITestsLaunchTests.swift */,
			);
			path = SwiftUIOhMyUITests;
			sourceTree = "<group>";
		};
/* End PBXGroup section */

/* Begin PBXNativeTarget section */
		2D720E63281B1C1E00D12555 /* SwiftUIOhMy */ = {
			isa = PBXNativeTarget;
			buildConfigurationList = 2D720E88281B1C1F00D12555 /* Build configuration list for PBXNativeTarget "SwiftUIOhMy" */;
			buildPhases = (
				2D720E60281B1C1E00D12555 /* Sources */,
				2D720E61281B1C1E00D12555 /* Frameworks */,
				2D720E62281B1C1E00D12555 /* Resources */,
			);
			buildRules = (
			);
			dependencies = (
			);
			name = SwiftUIOhMy;
			productName = SwiftUIOhMy;
			productReference = 2D720E64281B1C1E00D12555 /* SwiftUIOhMy.app */;
			productType = "com.apple.product-type.application";
		};
		2D720E73281B1C1F00D12555 /* SwiftUIOhMyTests */ = {
			isa = PBXNativeTarget;
			buildConfigurationList = 2D720E8B281B1C1F00D12555 /* Build configuration list for PBXNativeTarget "SwiftUIOhMyTests" */;
			buildPhases = (
				2D720E70281B1C1F00D12555 /* Sources */,
				2D720E71281B1C1F00D12555 /* Frameworks */,
				2D720E72281B1C1F00D12555 /* Resources */,
			);
			buildRules = (
			);
			dependencies = (
				2D720E76281B1C1F00D12555 /* PBXTargetDependency */,
			);
			name = SwiftUIOhMyTests;
			productName = SwiftUIOhMyTests;
			productReference = 2D720E74281B1C1F00D12555 /* SwiftUIOhMyTests.xctest */;
			productType = "com.apple.product-type.bundle.unit-test";
		};
		2D720E7D281B1C1F00D12555 /* SwiftUIOhMyUITests */ = {
			isa = PBXNativeTarget;
			buildConfigurationList = 2D720E8E281B1C1F00D12555 /* Build configuration list for PBXNativeTarget "SwiftUIOhMyUITests" */;
			buildPhases = (
				2D720E7A281B1C1F00D12555 /* Sources */,
				2D720E7B281B1C1F00D12555 /* Frameworks */,
				2D720E7C281B1C1F00D12555 /* Resources */,
			);
			buildRules = (
			);
			dependencies = (
				2D720E80281B1C1F00D12555 /* PBXTargetDependency */,
			);
			name = SwiftUIOhMyUITests;
			productName = SwiftUIOhMyUITests;
			productReference = 2D720E7E281B1C1F00D12555 /* SwiftUIOhMyUITests.xctest */;
			productType = "com.apple.product-type.bundle.ui-testing";
		};
/* End PBXNativeTarget section */

/* Begin PBXProject section */
		2D720E5C281B1C1E00D12555 /* Project object */ = {
			isa = PBXProject;
			attributes = {
				BuildIndependentTargetsInParallel = 1;
				LastSwiftUpdateCheck = 1300;
				LastUpgradeCheck = 1300;
				TargetAttributes = {
					2D720E63281B1C1E00D12555 = {
						CreatedOnToolsVersion = 13.0;
					};
					2D720E73281B1C1F00D12555 = {
						CreatedOnToolsVersion = 13.0;
						TestTargetID = 2D720E63281B1C1E00D12555;
					};
					2D720E7D281B1C1F00D12555 = {
						CreatedOnToolsVersion = 13.0;
						TestTargetID = 2D720E63281B1C1E00D12555;
					};
				};
			};
			buildConfigurationList = 2D720E5F281B1C1E00D12555 /* Build configuration list for PBXProject "SwiftUIOhMy" */;
			compatibilityVersion = "Xcode 13.0";
			developmentRegion = en;
			hasScannedForEncodings = 0;
			knownRegions = (
				en,
				Base,
			);
			mainGroup = 2D720E5B281B1C1E00D12555;
			productRefGroup = 2D720E65281B1C1E00D12555 /* Products */;
			projectDirPath = "";
			projectRoot = "";
			targets = (
				2D720E63281B1C1E00D12555 /* SwiftUIOhMy */,
				2D720E73281B1C1F00D12555 /* SwiftUIOhMyTests */,
				2D720E7D281B1C1F00D12555 /* SwiftUIOhMyUITests */,
			);
		};
/* End PBXProject section */

/* Begin PBXResourcesBuildPhase section */
		2D720E62281B1C1E00D12555 /* Resources */ = {
			isa = PBXResourcesBuildPhase;
			buildActionMask = 2147483647;
			files = (
				2D720E6F281B1C1F00D12555 /* Preview Assets.xcassets in Resources */,
				2D720E6C281B1C1F00D12555 /* Assets.xcassets in Resources */,
			);
			runOnlyForDeploymentPostprocessing = 0;
		};
		2D720E72281B1C1F00D12555 /* Resources */ = {
			isa = PBXResourcesBuildPhase;
			buildActionMask = 2147483647;
			files = (
			);
			runOnlyForDeploymentPostprocessing = 0;
		};
		2D720E7C281B1C1F00D12555 /* Resources */ = {
			isa = PBXResourcesBuildPhase;
			buildActionMask = 2147483647;
			files = (
			);
			runOnlyForDeploymentPostprocessing = 0;
		};
/* End PBXResourcesBuildPhase section */

/* Begin PBXSourcesBuildPhase section */
		2D720E60281B1C1E00D12555 /* Sources */ = {
			isa = PBXSourcesBuildPhase;
			buildActionMask = 2147483647;
			files = (
				2D720E6A281B1C1E00D12555 /* ContentView.swift in Sources */,
				2D720E68281B1C1E00D12555 /* SwiftUIOhMyApp.swift in Sources */,
			);
			runOnlyForDeploymentPostprocessing = 0;
		};
		2D720E70281B1C1F00D12555 /* Sources */ = {
			isa = PBXSourcesBuildPhase;
			buildActionMask = 2147483647;
			files = (
				2D720E79281B1C1F00D12555 /* SwiftUIOhMyTests.swift in Sources */,
			);
			runOnlyForDeploymentPostprocessing = 0;
		};
		2D720E7A281B1C1F00D12555 /* Sources */ = {
			isa = PBXSourcesBuildPhase;
			buildActionMask = 2147483647;
			files = (
				2D720E83281B1C1F00D12555 /* SwiftUIOhMyUITests.swift in Sources */,
				2D720E85281B1C1F00D12555 /* SwiftUIOhMyUITestsLaunchTests.swift in Sources */,
			);
			runOnlyForDeploymentPostprocessing = 0;
		};
/* End PBXSourcesBuildPhase section */

/* Begin PBXTargetDependency section */
		2D720E76281B1C1F00D12555 /* PBXTargetDependency */ = {
			isa = PBXTargetDependency;
			target = 2D720E63281B1C1E00D12555 /* SwiftUIOhMy */;
			targetProxy = 2D720E75281B1C1F00D12555 /* PBXContainerItemProxy */;
		};
		2D720E80281B1C1F00D12555 /* PBXTargetDependency */ = {
			isa = PBXTargetDependency;
			target = 2D720E63281B1C1E00D12555 /* SwiftUIOhMy */;
			targetProxy = 2D720E7F281B1C1F00D12555 /* PBXContainerItemProxy */;
		};
/* End PBXTargetDependency section */

/* Begin XCBuildConfiguration section */
		2D720E86281B1C1F00D12555 /* Debug */ = {
			isa = XCBuildConfiguration;
			buildSettings = {
				ALWAYS_SEARCH_USER_PATHS = NO;
				CLANG_ANALYZER_NONNULL = YES;
				CLANG_ANALYZER_NUMBER_OBJECT_CONVERSION = YES_AGGRESSIVE;
				CLANG_CXX_LANGUAGE_STANDARD = "gnu++17";
				CLANG_CXX_LIBRARY = "libc++";
				CLANG_ENABLE_MODULES = YES;
				CLANG_ENABLE_OBJC_ARC = YES;
				CLANG_ENABLE_OBJC_WEAK = YES;
				CLANG_WARN_BLOCK_CAPTURE_AUTORELEASING = YES;
				CLANG_WARN_BOOL_CONVERSION = YES;
				CLANG_WARN_COMMA = YES;
				CLANG_WARN_CONSTANT_CONVERSION = YES;
				CLANG_WARN_DEPRECATED_OBJC_IMPLEMENTATIONS = YES;
				CLANG_WARN_DIRECT_OBJC_ISA_USAGE = YES_ERROR;
				CLANG_WARN_DOCUMENTATION_COMMENTS = YES;
				CLANG_WARN_EMPTY_BODY = YES;
				CLANG_WARN_ENUM_CONVERSION = YES;
				CLANG_WARN_INFINITE_RECURSION = YES;
				CLANG_WARN_INT_CONVERSION = YES;
				CLANG_WARN_NON_LITERAL_NULL_CONVERSION = YES;
				CLANG_WARN_OBJC_IMPLICIT_RETAIN_SELF = YES;
				CLANG_WARN_OBJC_LITERAL_CONVERSION = YES;
				CLANG_WARN_OBJC_ROOT_CLASS = YES_ERROR;
				CLANG_WARN_QUOTED_INCLUDE_IN_FRAMEWORK_HEADER = YES;
				CLANG_WARN_RANGE_LOOP_ANALYSIS = YES;
				CLANG_WARN_STRICT_PROTOTYPES = YES;
				CLANG_WARN_SUSPICIOUS_MOVE = YES;
				CLANG_WARN_UNGUARDED_AVAILABILITY = YES_AGGRESSIVE;
				CLANG_WARN_UNREACHABLE_CODE = YES;
				CLANG_WARN__DUPLICATE_METHOD_MATCH = YES;
				COPY_PHASE_STRIP = NO;
				DEBUG_INFORMATION_FORMAT = dwarf;
				ENABLE_STRICT_OBJC_MSGSEND = YES;
				ENABLE_TESTABILITY = YES;
				GCC_C_LANGUAGE_STANDARD = gnu11;
				GCC_DYNAMIC_NO_PIC = NO;
				GCC_NO_COMMON_BLOCKS = YES;
				GCC_OPTIMIZATION_LEVEL = 0;
				GCC_PREPROCESSOR_DEFINITIONS = (
					"DEBUG=1",
					"$(inherited)",
				);
				GCC_WARN_64_TO_32_BIT_CONVERSION = YES;
				GCC_WARN_ABOUT_RETURN_TYPE = YES_ERROR;
				GCC_WARN_UNDECLARED_SELECTOR = YES;
				GCC_WARN_UNINITIALIZED_AUTOS = YES_AGGRESSIVE;
				GCC_WARN_UNUSED_FUNCTION = YES;
				GCC_WARN_UNUSED_VARIABLE = YES;
				IPHONEOS_DEPLOYMENT_TARGET = 15.0;
				MTL_ENABLE_DEBUG_INFO = INCLUDE_SOURCE;
				MTL_FAST_MATH = YES;
				ONLY_ACTIVE_ARCH = YES;
				SDKROOT = iphoneos;
				SWIFT_ACTIVE_COMPILATION_CONDITIONS = DEBUG;
				SWIFT_OPTIMIZATION_LEVEL = "-Onone";
			};
			name = Debug;
		};
		2D720E87281B1C1F00D12555 /* Release */ = {
			isa = XCBuildConfiguration;
			buildSettings = {
				ALWAYS_SEARCH_USER_PATHS = NO;
				CLANG_ANALYZER_NONNULL = YES;
				CLANG_ANALYZER_NUMBER_OBJECT_CONVERSION = YES_AGGRESSIVE;
				CLANG_CXX_LANGUAGE_STANDARD = "gnu++17";
				CLANG_CXX_LIBRARY = "libc++";
				CLANG_ENABLE_MODULES = YES;
				CLANG_ENABLE_OBJC_ARC = YES;
				CLANG_ENABLE_OBJC_WEAK = YES;
				CLANG_WARN_BLOCK_CAPTURE_AUTORELEASING = YES;
				CLANG_WARN_BOOL_CONVERSION = YES;
				CLANG_WARN_COMMA = YES;
				CLANG_WARN_CONSTANT_CONVERSION = YES;
				CLANG_WARN_DEPRECATED_OBJC_IMPLEMENTATIONS = YES;
				CLANG_WARN_DIRECT_OBJC_ISA_USAGE = YES_ERROR;
				CLANG_WARN_DOCUMENTATION_COMMENTS = YES;
				CLANG_WARN_EMPTY_BODY = YES;
				CLANG_WARN_ENUM_CONVERSION = YES;
				CLANG_WARN_INFINITE_RECURSION = YES;
				CLANG_WARN_INT_CONVERSION = YES;
				CLANG_WARN_NON_LITERAL_NULL_CONVERSION = YES;
				CLANG_WARN_OBJC_IMPLICIT_RETAIN_SELF = YES;
				CLANG_WARN_OBJC_LITERAL_CONVERSION = YES;
				CLANG_WARN_OBJC_ROOT_CLASS = YES_ERROR;
				CLANG_WARN_QUOTED_INCLUDE_IN_FRAMEWORK_HEADER = YES;
				CLANG_WARN_RANGE_LOOP_ANALYSIS = YES;
				CLANG_WARN_STRICT_PROTOTYPES = YES;
				CLANG_WARN_SUSPICIOUS_MOVE = YES;
				CLANG_WARN_UNGUARDED_AVAILABILITY = YES_AGGRESSIVE;
				CLANG_WARN_UNREACHABLE_CODE = YES;
				CLANG_WARN__DUPLICATE_METHOD_MATCH = YES;
				COPY_PHASE_STRIP = NO;
				DEBUG_INFORMATION_FORMAT = "dwarf-with-dsym";
				ENABLE_NS_ASSERTIONS = NO;
				ENABLE_STRICT_OBJC_MSGSEND = YES;
				GCC_C_LANGUAGE_STANDARD = gnu11;
				GCC_NO_COMMON_BLOCKS = YES;
				GCC_WARN_64_TO_32_BIT_CONVERSION = YES;
				GCC_WARN_ABOUT_RETURN_TYPE = YES_ERROR;
				GCC_WARN_UNDECLARED_SELECTOR = YES;
				GCC_WARN_UNINITIALIZED_AUTOS = YES_AGGRESSIVE;
				GCC_WARN_UNUSED_FUNCTION = YES;
				GCC_WARN_UNUSED_VARIABLE = YES;
				IPHONEOS_DEPLOYMENT_TARGET = 15.0;
				MTL_ENABLE_DEBUG_INFO = NO;
				MTL_FAST_MATH = YES;
				SDKROOT = iphoneos;
				SWIFT_COMPILATION_MODE = wholemodule;
				SWIFT_OPTIMIZATION_LEVEL = "-O";
				VALIDATE_PRODUCT = YES;
			};
			name = Release;
		};
		2D720E89281B1C1F00D12555 /* Debug */ = {
			isa = XCBuildConfiguration;
			buildSettings = {
				ASSETCATALOG_COMPILER_APPICON_NAME = AppIcon;
				ASSETCATALOG_COMPILER_GLOBAL_ACCENT_COLOR_NAME = AccentColor;
				CODE_SIGN_STYLE = Automatic;
				CURRENT_PROJECT_VERSION = 1;
				DEVELOPMENT_ASSET_PATHS = "\"SwiftUIOhMy/Preview Content\"";
				DEVELOPMENT_TEAM = GKZ7DJWHAN;
				ENABLE_PREVIEWS = YES;
				GENERATE_INFOPLIST_FILE = YES;
				INFOPLIST_KEY_UIApplicationSceneManifest_Generation = YES;
				INFOPLIST_KEY_UIApplicationSupportsIndirectInputEvents = YES;
				INFOPLIST_KEY_UILaunchScreen_Generation = YES;
				INFOPLIST_KEY_UISupportedInterfaceOrientations_iPad = "UIInterfaceOrientationPortrait UIInterfaceOrientationPortraitUpsideDown UIInterfaceOrientationLandscapeLeft UIInterfaceOrientationLandscapeRight";
				INFOPLIST_KEY_UISupportedInterfaceOrientations_iPhone = "UIInterfaceOrientationPortrait UIInterfaceOrientationLandscapeLeft UIInterfaceOrientationLandscapeRight";
				IPHONEOS_DEPLOYMENT_TARGET = 14.0;
				LD_RUNPATH_SEARCH_PATHS = (
					"$(inherited)",
					"@executable_path/Frameworks",
				);
				MARKETING_VERSION = 1.0;
				PRODUCT_BUNDLE_IDENTIFIER = f1.SwiftUIOhMy;
				PRODUCT_NAME = "$(TARGET_NAME)";
				SWIFT_EMIT_LOC_STRINGS = YES;
				SWIFT_VERSION = 5.0;
				TARGETED_DEVICE_FAMILY = "1,2";
			};
			name = Debug;
		};
		2D720E8A281B1C1F00D12555 /* Release */ = {
			isa = XCBuildConfiguration;
			buildSettings = {
				ASSETCATALOG_COMPILER_APPICON_NAME = AppIcon;
				ASSETCATALOG_COMPILER_GLOBAL_ACCENT_COLOR_NAME = AccentColor;
				CODE_SIGN_STYLE = Automatic;
				CURRENT_PROJECT_VERSION = 1;
				DEVELOPMENT_ASSET_PATHS = "\"SwiftUIOhMy/Preview Content\"";
				DEVELOPMENT_TEAM = GKZ7DJWHAN;
				ENABLE_PREVIEWS = YES;
				GENERATE_INFOPLIST_FILE = YES;
				INFOPLIST_KEY_UIApplicationSceneManifest_Generation = YES;
				INFOPLIST_KEY_UIApplicationSupportsIndirectInputEvents = YES;
				INFOPLIST_KEY_UILaunchScreen_Generation = YES;
				INFOPLIST_KEY_UISupportedInterfaceOrientations_iPad = "UIInterfaceOrientationPortrait UIInterfaceOrientationPortraitUpsideDown UIInterfaceOrientationLandscapeLeft UIInterfaceOrientationLandscapeRight";
				INFOPLIST_KEY_UISupportedInterfaceOrientations_iPhone = "UIInterfaceOrientationPortrait UIInterfaceOrientationLandscapeLeft UIInterfaceOrientationLandscapeRight";
				IPHONEOS_DEPLOYMENT_TARGET = 14.0;
				LD_RUNPATH_SEARCH_PATHS = (
					"$(inherited)",
					"@executable_path/Frameworks",
				);
				MARKETING_VERSION = 1.0;
				PRODUCT_BUNDLE_IDENTIFIER = f1.SwiftUIOhMy;
				PRODUCT_NAME = "$(TARGET_NAME)";
				SWIFT_EMIT_LOC_STRINGS = YES;
				SWIFT_VERSION = 5.0;
				TARGETED_DEVICE_FAMILY = "1,2";
			};
			name = Release;
		};
		2D720E8C281B1C1F00D12555 /* Debug */ = {
			isa = XCBuildConfiguration;
			buildSettings = {
				ALWAYS_EMBED_SWIFT_STANDARD_LIBRARIES = YES;
				BUNDLE_LOADER = "$(TEST_HOST)";
				CODE_SIGN_STYLE = Automatic;
				CURRENT_PROJECT_VERSION = 1;
				DEVELOPMENT_TEAM = GKZ7DJWHAN;
				GENERATE_INFOPLIST_FILE = YES;
				IPHONEOS_DEPLOYMENT_TARGET = 14.0;
				LD_RUNPATH_SEARCH_PATHS = (
					"$(inherited)",
					"@executable_path/Frameworks",
					"@loader_path/Frameworks",
				);
				MARKETING_VERSION = 1.0;
				PRODUCT_BUNDLE_IDENTIFIER = f1.SwiftUIOhMyTests;
				PRODUCT_NAME = "$(TARGET_NAME)";
				SWIFT_EMIT_LOC_STRINGS = NO;
				SWIFT_VERSION = 5.0;
				TARGETED_DEVICE_FAMILY = "1,2";
				TEST_HOST = "$(BUILT_PRODUCTS_DIR)/SwiftUIOhMy.app/SwiftUIOhMy";
			};
			name = Debug;
		};
		2D720E8D281B1C1F00D12555 /* Release */ = {
			isa = XCBuildConfiguration;
			buildSettings = {
				ALWAYS_EMBED_SWIFT_STANDARD_LIBRARIES = YES;
				BUNDLE_LOADER = "$(TEST_HOST)";
				CODE_SIGN_STYLE = Automatic;
				CURRENT_PROJECT_VERSION = 1;
				DEVELOPMENT_TEAM = GKZ7DJWHAN;
				GENERATE_INFOPLIST_FILE = YES;
				IPHONEOS_DEPLOYMENT_TARGET = 14.0;
				LD_RUNPATH_SEARCH_PATHS = (
					"$(inherited)",
					"@executable_path/Frameworks",
					"@loader_path/Frameworks",
				);
				MARKETING_VERSION = 1.0;
				PRODUCT_BUNDLE_IDENTIFIER = f1.SwiftUIOhMyTests;
				PRODUCT_NAME = "$(TARGET_NAME)";
				SWIFT_EMIT_LOC_STRINGS = NO;
				SWIFT_VERSION = 5.0;
				TARGETED_DEVICE_FAMILY = "1,2";
				TEST_HOST = "$(BUILT_PRODUCTS_DIR)/SwiftUIOhMy.app/SwiftUIOhMy";
			};
			name = Release;
		};
		2D720E8F281B1C1F00D12555 /* Debug */ = {
			isa = XCBuildConfiguration;
			buildSettings = {
				ALWAYS_EMBED_SWIFT_STANDARD_LIBRARIES = YES;
				CODE_SIGN_STYLE = Automatic;
				CURRENT_PROJECT_VERSION = 1;
				DEVELOPMENT_TEAM = GKZ7DJWHAN;
				GENERATE_INFOPLIST_FILE = YES;
				LD_RUNPATH_SEARCH_PATHS = (
					"$(inherited)",
					"@executable_path/Frameworks",
					"@loader_path/Frameworks",
				);
				MARKETING_VERSION = 1.0;
				PRODUCT_BUNDLE_IDENTIFIER = f1.SwiftUIOhMyUITests;
				PRODUCT_NAME = "$(TARGET_NAME)";
				SWIFT_EMIT_LOC_STRINGS = NO;
				SWIFT_VERSION = 5.0;
				TARGETED_DEVICE_FAMILY = "1,2";
				TEST_TARGET_NAME = SwiftUIOhMy;
			};
			name = Debug;
		};
		2D720E90281B1C1F00D12555 /* Release */ = {
			isa = XCBuildConfiguration;
			buildSettings = {
				ALWAYS_EMBED_SWIFT_STANDARD_LIBRARIES = YES;
				CODE_SIGN_STYLE = Automatic;
				CURRENT_PROJECT_VERSION = 1;
				DEVELOPMENT_TEAM = GKZ7DJWHAN;
				GENERATE_INFOPLIST_FILE = YES;
				LD_RUNPATH_SEARCH_PATHS = (
					"$(inherited)",
					"@executable_path/Frameworks",
					"@loader_path/Frameworks",
				);
				MARKETING_VERSION = 1.0;
				PRODUCT_BUNDLE_IDENTIFIER = f1.SwiftUIOhMyUITests;
				PRODUCT_NAME = "$(TARGET_NAME)";
				SWIFT_EMIT_LOC_STRINGS = NO;
				SWIFT_VERSION = 5.0;
				TARGETED_DEVICE_FAMILY = "1,2";
				TEST_TARGET_NAME = SwiftUIOhMy;
			};
			name = Release;
		};
/* End XCBuildConfiguration section */

/* Begin XCConfigurationList section */
		2D720E5F281B1C1E00D12555 /* Build configuration list for PBXProject "SwiftUIOhMy" */ = {
			isa = XCConfigurationList;
			buildConfigurations = (
				2D720E86281B1C1F00D12555 /* Debug */,
				2D720E87281B1C1F00D12555 /* Release */,
			);
			defaultConfigurationIsVisible = 0;
			defaultConfigurationName = Release;
		};
		2D720E88281B1C1F00D12555 /* Build configuration list for PBXNativeTarget "SwiftUIOhMy" */ = {
			isa = XCConfigurationList;
			buildConfigurations = (
				2D720E89281B1C1F00D12555 /* Debug */,
				2D720E8A281B1C1F00D12555 /* Release */,
			);
			defaultConfigurationIsVisible = 0;
			defaultConfigurationName = Release;
		};
		2D720E8B281B1C1F00D12555 /* Build configuration list for PBXNativeTarget "SwiftUIOhMyTests" */ = {
			isa = XCConfigurationList;
			buildConfigurations = (
				2D720E8C281B1C1F00D12555 /* Debug */,
				2D720E8D281B1C1F00D12555 /* Release */,
			);
			defaultConfigurationIsVisible = 0;
			defaultConfigurationName = Release;
		};
		2D720E8E281B1C1F00D12555 /* Build configuration list for PBXNativeTarget "SwiftUIOhMyUITests" */ = {
			isa = XCConfigurationList;
			buildConfigurations = (
				2D720E8F281B1C1F00D12555 /* Debug */,
				2D720E90281B1C1F00D12555 /* Release */,
			);
			defaultConfigurationIsVisible = 0;
			defaultConfigurationName = Release;
		};
/* End XCConfigurationList section */
	};
	rootObject = 2D720E5C281B1C1E00D12555 /* Project object */;
}
