// !$*UTF8*$!
{
	archiveVersion = 1;
	classes = {
	};
	objectVersion = 55;
	objects = {

/* Begin PBXBuildFile section */
		2D7596AA2764F89D0085A61E /* AppDelegate.swift in Sources */ = {isa = PBXBuildFile; fileRef = 2D7596A92764F89D0085A61E /* AppDelegate.swift */; };
		2D7596AC2764F89D0085A61E /* SceneDelegate.swift in Sources */ = {isa = PBXBuildFile; fileRef = 2D7596AB2764F89D0085A61E /* SceneDelegate.swift */; };
		2D7596AE2764F89D0085A61E /* ViewController.swift in Sources */ = {isa = PBXBuildFile; fileRef = 2D7596AD2764F89D0085A61E /* ViewController.swift */; };
		2D7596B12764F89D0085A61E /* Main.storyboard in Resources */ = {isa = PBXBuildFile; fileRef = 2D7596AF2764F89D0085A61E /* Main.storyboard */; };
		2D7596B32764F89E0085A61E /* Assets.xcassets in Resources */ = {isa = PBXBuildFile; fileRef = 2D7596B22764F89E0085A61E /* Assets.xcassets */; };
		2D7596B62764F89E0085A61E /* LaunchScreen.storyboard in Resources */ = {isa = PBXBuildFile; fileRef = 2D7596B42764F89E0085A61E /* LaunchScreen.storyboard */; };
		2D7596C12764FAF00085A61E /* Chair.swift in Sources */ = {isa = PBXBuildFile; fileRef = 2D7596C02764FAF00085A61E /* Chair.swift */; };
		2D7596C32764FB680085A61E /* Table.swift in Sources */ = {isa = PBXBuildFile; fileRef = 2D7596C22764FB680085A61E /* Table.swift */; };
		2D7596C52764FB780085A61E /* Sofa.swift in Sources */ = {isa = PBXBuildFile; fileRef = 2D7596C42764FB780085A61E /* Sofa.swift */; };
		2D7596C72764FB9F0085A61E /* ChairKitchen.swift in Sources */ = {isa = PBXBuildFile; fileRef = 2D7596C62764FB9F0085A61E /* ChairKitchen.swift */; };
		2D7596C92764FDF20085A61E /* TableKitchen.swift in Sources */ = {isa = PBXBuildFile; fileRef = 2D7596C82764FDF20085A61E /* TableKitchen.swift */; };
		2D7596CB2764FE340085A61E /* SofaKitchen.swift in Sources */ = {isa = PBXBuildFile; fileRef = 2D7596CA2764FE340085A61E /* SofaKitchen.swift */; };
		2D7596CD2764FE690085A61E /* ChairBedrom.swift in Sources */ = {isa = PBXBuildFile; fileRef = 2D7596CC2764FE690085A61E /* ChairBedrom.swift */; };
		2D7596CF2764FEA70085A61E /* TableBedroom.swift in Sources */ = {isa = PBXBuildFile; fileRef = 2D7596CE2764FEA70085A61E /* TableBedroom.swift */; };
		2D7596D12764FECF0085A61E /* SofaBedroom.swift in Sources */ = {isa = PBXBuildFile; fileRef = 2D7596D02764FECF0085A61E /* SofaBedroom.swift */; };
		2D7596D42764FF650085A61E /* AbstractFactory.swift in Sources */ = {isa = PBXBuildFile; fileRef = 2D7596D32764FF650085A61E /* AbstractFactory.swift */; };
		2D7596D62764FF9C0085A61E /* BedroomFactory.swift in Sources */ = {isa = PBXBuildFile; fileRef = 2D7596D52764FF9C0085A61E /* BedroomFactory.swift */; };
		2D7596D8276500430085A61E /* KitchenFactory.swift in Sources */ = {isa = PBXBuildFile; fileRef = 2D7596D7276500430085A61E /* KitchenFactory.swift */; };
		2D7596DA276500BE0085A61E /* FurnitureList.swift in Sources */ = {isa = PBXBuildFile; fileRef = 2D7596D9276500BE0085A61E /* FurnitureList.swift */; };
		2D7596DF276506490085A61E /* TableViewCell.swift in Sources */ = {isa = PBXBuildFile; fileRef = 2D7596DE276506490085A61E /* TableViewCell.swift */; };
/* End PBXBuildFile section */

/* Begin PBXFileReference section */
		2D7596A62764F89D0085A61E /* AbstractFactory.app */ = {isa = PBXFileReference; explicitFileType = wrapper.application; includeInIndex = 0; path = AbstractFactory.app; sourceTree = BUILT_PRODUCTS_DIR; };
		2D7596A92764F89D0085A61E /* AppDelegate.swift */ = {isa = PBXFileReference; lastKnownFileType = sourcecode.swift; path = AppDelegate.swift; sourceTree = "<group>"; };
		2D7596AB2764F89D0085A61E /* SceneDelegate.swift */ = {isa = PBXFileReference; lastKnownFileType = sourcecode.swift; path = SceneDelegate.swift; sourceTree = "<group>"; };
		2D7596AD2764F89D0085A61E /* ViewController.swift */ = {isa = PBXFileReference; lastKnownFileType = sourcecode.swift; path = ViewController.swift; sourceTree = "<group>"; };
		2D7596B02764F89D0085A61E /* Base */ = {isa = PBXFileReference; lastKnownFileType = file.storyboard; name = Base; path = Base.lproj/Main.storyboard; sourceTree = "<group>"; };
		2D7596B22764F89E0085A61E /* Assets.xcassets */ = {isa = PBXFileReference; lastKnownFileType = folder.assetcatalog; path = Assets.xcassets; sourceTree = "<group>"; };
		2D7596B52764F89E0085A61E /* Base */ = {isa = PBXFileReference; lastKnownFileType = file.storyboard; name = Base; path = Base.lproj/LaunchScreen.storyboard; sourceTree = "<group>"; };
		2D7596B72764F89E0085A61E /* Info.plist */ = {isa = PBXFileReference; lastKnownFileType = text.plist.xml; path = Info.plist; sourceTree = "<group>"; };
		2D7596C02764FAF00085A61E /* Chair.swift */ = {isa = PBXFileReference; lastKnownFileType = sourcecode.swift; path = Chair.swift; sourceTree = "<group>"; };
		2D7596C22764FB680085A61E /* Table.swift */ = {isa = PBXFileReference; lastKnownFileType = sourcecode.swift; path = Table.swift; sourceTree = "<group>"; };
		2D7596C42764FB780085A61E /* Sofa.swift */ = {isa = PBXFileReference; lastKnownFileType = sourcecode.swift; path = Sofa.swift; sourceTree = "<group>"; };
		2D7596C62764FB9F0085A61E /* ChairKitchen.swift */ = {isa = PBXFileReference; lastKnownFileType = sourcecode.swift; path = ChairKitchen.swift; sourceTree = "<group>"; };
		2D7596C82764FDF20085A61E /* TableKitchen.swift */ = {isa = PBXFileReference; lastKnownFileType = sourcecode.swift; path = TableKitchen.swift; sourceTree = "<group>"; };
		2D7596CA2764FE340085A61E /* SofaKitchen.swift */ = {isa = PBXFileReference; lastKnownFileType = sourcecode.swift; path = SofaKitchen.swift; sourceTree = "<group>"; };
		2D7596CC2764FE690085A61E /* ChairBedrom.swift */ = {isa = PBXFileReference; lastKnownFileType = sourcecode.swift; path = ChairBedrom.swift; sourceTree = "<group>"; };
		2D7596CE2764FEA70085A61E /* TableBedroom.swift */ = {isa = PBXFileReference; lastKnownFileType = sourcecode.swift; path = TableBedroom.swift; sourceTree = "<group>"; };
		2D7596D02764FECF0085A61E /* SofaBedroom.swift */ = {isa = PBXFileReference; lastKnownFileType = sourcecode.swift; path = SofaBedroom.swift; sourceTree = "<group>"; };
		2D7596D32764FF650085A61E /* AbstractFactory.swift */ = {isa = PBXFileReference; lastKnownFileType = sourcecode.swift; path = AbstractFactory.swift; sourceTree = "<group>"; };
		2D7596D52764FF9C0085A61E /* BedroomFactory.swift */ = {isa = PBXFileReference; lastKnownFileType = sourcecode.swift; path = BedroomFactory.swift; sourceTree = "<group>"; };
		2D7596D7276500430085A61E /* KitchenFactory.swift */ = {isa = PBXFileReference; lastKnownFileType = sourcecode.swift; path = KitchenFactory.swift; sourceTree = "<group>"; };
		2D7596D9276500BE0085A61E /* FurnitureList.swift */ = {isa = PBXFileReference; lastKnownFileType = sourcecode.swift; path = FurnitureList.swift; sourceTree = "<group>"; };
		2D7596DE276506490085A61E /* TableViewCell.swift */ = {isa = PBXFileReference; lastKnownFileType = sourcecode.swift; path = TableViewCell.swift; sourceTree = "<group>"; };
/* End PBXFileReference section */

/* Begin PBXFrameworksBuildPhase section */
		2D7596A32764F89D0085A61E /* Frameworks */ = {
			isa = PBXFrameworksBuildPhase;
			buildActionMask = 2147483647;
			files = (
			);
			runOnlyForDeploymentPostprocessing = 0;
		};
/* End PBXFrameworksBuildPhase section */

/* Begin PBXGroup section */
		2D75969D2764F89D0085A61E = {
			isa = PBXGroup;
			children = (
				2D7596A82764F89D0085A61E /* AbstractFactory */,
				2D7596A72764F89D0085A61E /* Products */,
			);
			sourceTree = "<group>";
		};
		2D7596A72764F89D0085A61E /* Products */ = {
			isa = PBXGroup;
			children = (
				2D7596A62764F89D0085A61E /* AbstractFactory.app */,
			);
			name = Products;
			sourceTree = "<group>";
		};
		2D7596A82764F89D0085A61E /* AbstractFactory */ = {
			isa = PBXGroup;
			children = (
				2D7596A92764F89D0085A61E /* AppDelegate.swift */,
				2D7596AB2764F89D0085A61E /* SceneDelegate.swift */,
				2D7596AD2764F89D0085A61E /* ViewController.swift */,
				2D7596D9276500BE0085A61E /* FurnitureList.swift */,
				2D7596DE276506490085A61E /* TableViewCell.swift */,
				2D7596D22764FEFA0085A61E /* AbstractFactory */,
				2D7596BF2764FAE10085A61E /* Protocol */,
				2D7596BE2764FAD40085A61E /* KitchenFurniture */,
				2D7596BD2764FAC60085A61E /* BedroomFurniture */,
				2D7596AF2764F89D0085A61E /* Main.storyboard */,
				2D7596B22764F89E0085A61E /* Assets.xcassets */,
				2D7596B42764F89E0085A61E /* LaunchScreen.storyboard */,
				2D7596B72764F89E0085A61E /* Info.plist */,
			);
			path = AbstractFactory;
			sourceTree = "<group>";
		};
		2D7596BD2764FAC60085A61E /* BedroomFurniture */ = {
			isa = PBXGroup;
			children = (
				2D7596CC2764FE690085A61E /* ChairBedrom.swift */,
				2D7596CE2764FEA70085A61E /* TableBedroom.swift */,
				2D7596D02764FECF0085A61E /* SofaBedroom.swift */,
			);
			path = BedroomFurniture;
			sourceTree = "<group>";
		};
		2D7596BE2764FAD40085A61E /* KitchenFurniture */ = {
			isa = PBXGroup;
			children = (
				2D7596C62764FB9F0085A61E /* ChairKitchen.swift */,
				2D7596C82764FDF20085A61E /* TableKitchen.swift */,
				2D7596CA2764FE340085A61E /* SofaKitchen.swift */,
			);
			path = KitchenFurniture;
			sourceTree = "<group>";
		};
		2D7596BF2764FAE10085A61E /* Protocol */ = {
			isa = PBXGroup;
			children = (
				2D7596C02764FAF00085A61E /* Chair.swift */,
				2D7596C22764FB680085A61E /* Table.swift */,
				2D7596C42764FB780085A61E /* Sofa.swift */,
			);
			path = Protocol;
			sourceTree = "<group>";
		};
		2D7596D22764FEFA0085A61E /* AbstractFactory */ = {
			isa = PBXGroup;
			children = (
				2D7596D32764FF650085A61E /* AbstractFactory.swift */,
				2D7596D52764FF9C0085A61E /* BedroomFactory.swift */,
				2D7596D7276500430085A61E /* KitchenFactory.swift */,
			);
			path = AbstractFactory;
			sourceTree = "<group>";
		};
/* End PBXGroup section */

/* Begin PBXNativeTarget section */
		2D7596A52764F89D0085A61E /* AbstractFactory */ = {
			isa = PBXNativeTarget;
			buildConfigurationList = 2D7596BA2764F89E0085A61E /* Build configuration list for PBXNativeTarget "AbstractFactory" */;
			buildPhases = (
				2D7596A22764F89D0085A61E /* Sources */,
				2D7596A32764F89D0085A61E /* Frameworks */,
				2D7596A42764F89D0085A61E /* Resources */,
			);
			buildRules = (
			);
			dependencies = (
			);
			name = AbstractFactory;
			productName = AbstractFactory;
			productReference = 2D7596A62764F89D0085A61E /* AbstractFactory.app */;
			productType = "com.apple.product-type.application";
		};
/* End PBXNativeTarget section */

/* Begin PBXProject section */
		2D75969E2764F89D0085A61E /* Project object */ = {
			isa = PBXProject;
			attributes = {
				BuildIndependentTargetsInParallel = 1;
				LastSwiftUpdateCheck = 1300;
				LastUpgradeCheck = 1300;
				TargetAttributes = {
					2D7596A52764F89D0085A61E = {
						CreatedOnToolsVersion = 13.0;
					};
				};
			};
			buildConfigurationList = 2D7596A12764F89D0085A61E /* Build configuration list for PBXProject "AbstractFactory" */;
			compatibilityVersion = "Xcode 13.0";
			developmentRegion = en;
			hasScannedForEncodings = 0;
			knownRegions = (
				en,
				Base,
			);
			mainGroup = 2D75969D2764F89D0085A61E;
			productRefGroup = 2D7596A72764F89D0085A61E /* Products */;
			projectDirPath = "";
			projectRoot = "";
			targets = (
				2D7596A52764F89D0085A61E /* AbstractFactory */,
			);
		};
/* End PBXProject section */

/* Begin PBXResourcesBuildPhase section */
		2D7596A42764F89D0085A61E /* Resources */ = {
			isa = PBXResourcesBuildPhase;
			buildActionMask = 2147483647;
			files = (
				2D7596B62764F89E0085A61E /* LaunchScreen.storyboard in Resources */,
				2D7596B32764F89E0085A61E /* Assets.xcassets in Resources */,
				2D7596B12764F89D0085A61E /* Main.storyboard in Resources */,
			);
			runOnlyForDeploymentPostprocessing = 0;
		};
/* End PBXResourcesBuildPhase section */

/* Begin PBXSourcesBuildPhase section */
		2D7596A22764F89D0085A61E /* Sources */ = {
			isa = PBXSourcesBuildPhase;
			buildActionMask = 2147483647;
			files = (
				2D7596D42764FF650085A61E /* AbstractFactory.swift in Sources */,
				2D7596AE2764F89D0085A61E /* ViewController.swift in Sources */,
				2D7596C52764FB780085A61E /* Sofa.swift in Sources */,
				2D7596D62764FF9C0085A61E /* BedroomFactory.swift in Sources */,
				2D7596CD2764FE690085A61E /* ChairBedrom.swift in Sources */,
				2D7596C32764FB680085A61E /* Table.swift in Sources */,
				2D7596C92764FDF20085A61E /* TableKitchen.swift in Sources */,
				2D7596D12764FECF0085A61E /* SofaBedroom.swift in Sources */,
				2D7596C12764FAF00085A61E /* Chair.swift in Sources */,
				2D7596AA2764F89D0085A61E /* AppDelegate.swift in Sources */,
				2D7596AC2764F89D0085A61E /* SceneDelegate.swift in Sources */,
				2D7596CB2764FE340085A61E /* SofaKitchen.swift in Sources */,
				2D7596D8276500430085A61E /* KitchenFactory.swift in Sources */,
				2D7596C72764FB9F0085A61E /* ChairKitchen.swift in Sources */,
				2D7596DF276506490085A61E /* TableViewCell.swift in Sources */,
				2D7596DA276500BE0085A61E /* FurnitureList.swift in Sources */,
				2D7596CF2764FEA70085A61E /* TableBedroom.swift in Sources */,
			);
			runOnlyForDeploymentPostprocessing = 0;
		};
/* End PBXSourcesBuildPhase section */

/* Begin PBXVariantGroup section */
		2D7596AF2764F89D0085A61E /* Main.storyboard */ = {
			isa = PBXVariantGroup;
			children = (
				2D7596B02764F89D0085A61E /* Base */,
			);
			name = Main.storyboard;
			sourceTree = "<group>";
		};
		2D7596B42764F89E0085A61E /* LaunchScreen.storyboard */ = {
			isa = PBXVariantGroup;
			children = (
				2D7596B52764F89E0085A61E /* Base */,
			);
			name = LaunchScreen.storyboard;
			sourceTree = "<group>";
		};
/* End PBXVariantGroup section */

/* Begin XCBuildConfiguration section */
		2D7596B82764F89E0085A61E /* Debug */ = {
			isa = XCBuildConfiguration;
			buildSettings = {
				ALWAYS_SEARCH_USER_PATHS = NO;
				CLANG_ANALYZER_NONNULL = YES;
				CLANG_ANALYZER_NUMBER_OBJECT_CONVERSION = YES_AGGRESSIVE;
				CLANG_CXX_LANGUAGE_STANDARD = "gnu++17";
				CLANG_CXX_LIBRARY = "libc++";
				CLANG_ENABLE_MODULES = YES;
				CLANG_ENABLE_OBJC_ARC = YES;
				CLANG_ENABLE_OBJC_WEAK = YES;
				CLANG_WARN_BLOCK_CAPTURE_AUTORELEASING = YES;
				CLANG_WARN_BOOL_CONVERSION = YES;
				CLANG_WARN_COMMA = YES;
				CLANG_WARN_CONSTANT_CONVERSION = YES;
				CLANG_WARN_DEPRECATED_OBJC_IMPLEMENTATIONS = YES;
				CLANG_WARN_DIRECT_OBJC_ISA_USAGE = YES_ERROR;
				CLANG_WARN_DOCUMENTATION_COMMENTS = YES;
				CLANG_WARN_EMPTY_BODY = YES;
				CLANG_WARN_ENUM_CONVERSION = YES;
				CLANG_WARN_INFINITE_RECURSION = YES;
				CLANG_WARN_INT_CONVERSION = YES;
				CLANG_WARN_NON_LITERAL_NULL_CONVERSION = YES;
				CLANG_WARN_OBJC_IMPLICIT_RETAIN_SELF = YES;
				CLANG_WARN_OBJC_LITERAL_CONVERSION = YES;
				CLANG_WARN_OBJC_ROOT_CLASS = YES_ERROR;
				CLANG_WARN_QUOTED_INCLUDE_IN_FRAMEWORK_HEADER = YES;
				CLANG_WARN_RANGE_LOOP_ANALYSIS = YES;
				CLANG_WARN_STRICT_PROTOTYPES = YES;
				CLANG_WARN_SUSPICIOUS_MOVE = YES;
				CLANG_WARN_UNGUARDED_AVAILABILITY = YES_AGGRESSIVE;
				CLANG_WARN_UNREACHABLE_CODE = YES;
				CLANG_WARN__DUPLICATE_METHOD_MATCH = YES;
				COPY_PHASE_STRIP = NO;
				DEBUG_INFORMATION_FORMAT = dwarf;
				ENABLE_STRICT_OBJC_MSGSEND = YES;
				ENABLE_TESTABILITY = YES;
				GCC_C_LANGUAGE_STANDARD = gnu11;
				GCC_DYNAMIC_NO_PIC = NO;
				GCC_NO_COMMON_BLOCKS = YES;
				GCC_OPTIMIZATION_LEVEL = 0;
				GCC_PREPROCESSOR_DEFINITIONS = (
					"DEBUG=1",
					"$(inherited)",
				);
				GCC_WARN_64_TO_32_BIT_CONVERSION = YES;
				GCC_WARN_ABOUT_RETURN_TYPE = YES_ERROR;
				GCC_WARN_UNDECLARED_SELECTOR = YES;
				GCC_WARN_UNINITIALIZED_AUTOS = YES_AGGRESSIVE;
				GCC_WARN_UNUSED_FUNCTION = YES;
				GCC_WARN_UNUSED_VARIABLE = YES;
				IPHONEOS_DEPLOYMENT_TARGET = 15.0;
				MTL_ENABLE_DEBUG_INFO = INCLUDE_SOURCE;
				MTL_FAST_MATH = YES;
				ONLY_ACTIVE_ARCH = YES;
				SDKROOT = iphoneos;
				SWIFT_ACTIVE_COMPILATION_CONDITIONS = DEBUG;
				SWIFT_OPTIMIZATION_LEVEL = "-Onone";
			};
			name = Debug;
		};
		2D7596B92764F89E0085A61E /* Release */ = {
			isa = XCBuildConfiguration;
			buildSettings = {
				ALWAYS_SEARCH_USER_PATHS = NO;
				CLANG_ANALYZER_NONNULL = YES;
				CLANG_ANALYZER_NUMBER_OBJECT_CONVERSION = YES_AGGRESSIVE;
				CLANG_CXX_LANGUAGE_STANDARD = "gnu++17";
				CLANG_CXX_LIBRARY = "libc++";
				CLANG_ENABLE_MODULES = YES;
				CLANG_ENABLE_OBJC_ARC = YES;
				CLANG_ENABLE_OBJC_WEAK = YES;
				CLANG_WARN_BLOCK_CAPTURE_AUTORELEASING = YES;
				CLANG_WARN_BOOL_CONVERSION = YES;
				CLANG_WARN_COMMA = YES;
				CLANG_WARN_CONSTANT_CONVERSION = YES;
				CLANG_WARN_DEPRECATED_OBJC_IMPLEMENTATIONS = YES;
				CLANG_WARN_DIRECT_OBJC_ISA_USAGE = YES_ERROR;
				CLANG_WARN_DOCUMENTATION_COMMENTS = YES;
				CLANG_WARN_EMPTY_BODY = YES;
				CLANG_WARN_ENUM_CONVERSION = YES;
				CLANG_WARN_INFINITE_RECURSION = YES;
				CLANG_WARN_INT_CONVERSION = YES;
				CLANG_WARN_NON_LITERAL_NULL_CONVERSION = YES;
				CLANG_WARN_OBJC_IMPLICIT_RETAIN_SELF = YES;
				CLANG_WARN_OBJC_LITERAL_CONVERSION = YES;
				CLANG_WARN_OBJC_ROOT_CLASS = YES_ERROR;
				CLANG_WARN_QUOTED_INCLUDE_IN_FRAMEWORK_HEADER = YES;
				CLANG_WARN_RANGE_LOOP_ANALYSIS = YES;
				CLANG_WARN_STRICT_PROTOTYPES = YES;
				CLANG_WARN_SUSPICIOUS_MOVE = YES;
				CLANG_WARN_UNGUARDED_AVAILABILITY = YES_AGGRESSIVE;
				CLANG_WARN_UNREACHABLE_CODE = YES;
				CLANG_WARN__DUPLICATE_METHOD_MATCH = YES;
				COPY_PHASE_STRIP = NO;
				DEBUG_INFORMATION_FORMAT = "dwarf-with-dsym";
				ENABLE_NS_ASSERTIONS = NO;
				ENABLE_STRICT_OBJC_MSGSEND = YES;
				GCC_C_LANGUAGE_STANDARD = gnu11;
				GCC_NO_COMMON_BLOCKS = YES;
				GCC_WARN_64_TO_32_BIT_CONVERSION = YES;
				GCC_WARN_ABOUT_RETURN_TYPE = YES_ERROR;
				GCC_WARN_UNDECLARED_SELECTOR = YES;
				GCC_WARN_UNINITIALIZED_AUTOS = YES_AGGRESSIVE;
				GCC_WARN_UNUSED_FUNCTION = YES;
				GCC_WARN_UNUSED_VARIABLE = YES;
				IPHONEOS_DEPLOYMENT_TARGET = 15.0;
				MTL_ENABLE_DEBUG_INFO = NO;
				MTL_FAST_MATH = YES;
				SDKROOT = iphoneos;
				SWIFT_COMPILATION_MODE = wholemodule;
				SWIFT_OPTIMIZATION_LEVEL = "-O";
				VALIDATE_PRODUCT = YES;
			};
			name = Release;
		};
		2D7596BB2764F89E0085A61E /* Debug */ = {
			isa = XCBuildConfiguration;
			buildSettings = {
				ASSETCATALOG_COMPILER_APPICON_NAME = AppIcon;
				ASSETCATALOG_COMPILER_GLOBAL_ACCENT_COLOR_NAME = AccentColor;
				CODE_SIGN_STYLE = Automatic;
				CURRENT_PROJECT_VERSION = 1;
				DEVELOPMENT_TEAM = RX93WCSR44;
				GENERATE_INFOPLIST_FILE = YES;
				INFOPLIST_FILE = AbstractFactory/Info.plist;
				INFOPLIST_KEY_UIApplicationSupportsIndirectInputEvents = YES;
				INFOPLIST_KEY_UILaunchStoryboardName = LaunchScreen;
				INFOPLIST_KEY_UIMainStoryboardFile = Main;
				INFOPLIST_KEY_UISupportedInterfaceOrientations_iPad = "UIInterfaceOrientationPortrait UIInterfaceOrientationPortraitUpsideDown UIInterfaceOrientationLandscapeLeft UIInterfaceOrientationLandscapeRight";
				INFOPLIST_KEY_UISupportedInterfaceOrientations_iPhone = "UIInterfaceOrientationPortrait UIInterfaceOrientationLandscapeLeft UIInterfaceOrientationLandscapeRight";
				LD_RUNPATH_SEARCH_PATHS = (
					"$(inherited)",
					"@executable_path/Frameworks",
				);
				MARKETING_VERSION = 1.0;
				PRODUCT_BUNDLE_IDENTIFIER = phoebeeCauld.AbstractFactory;
				PRODUCT_NAME = "$(TARGET_NAME)";
				SWIFT_EMIT_LOC_STRINGS = YES;
				SWIFT_VERSION = 5.0;
				TARGETED_DEVICE_FAMILY = "1,2";
			};
			name = Debug;
		};
		2D7596BC2764F89E0085A61E /* Release */ = {
			isa = XCBuildConfiguration;
			buildSettings = {
				ASSETCATALOG_COMPILER_APPICON_NAME = AppIcon;
				ASSETCATALOG_COMPILER_GLOBAL_ACCENT_COLOR_NAME = AccentColor;
				CODE_SIGN_STYLE = Automatic;
				CURRENT_PROJECT_VERSION = 1;
				DEVELOPMENT_TEAM = RX93WCSR44;
				GENERATE_INFOPLIST_FILE = YES;
				INFOPLIST_FILE = AbstractFactory/Info.plist;
				INFOPLIST_KEY_UIApplicationSupportsIndirectInputEvents = YES;
				INFOPLIST_KEY_UILaunchStoryboardName = LaunchScreen;
				INFOPLIST_KEY_UIMainStoryboardFile = Main;
				INFOPLIST_KEY_UISupportedInterfaceOrientations_iPad = "UIInterfaceOrientationPortrait UIInterfaceOrientationPortraitUpsideDown UIInterfaceOrientationLandscapeLeft UIInterfaceOrientationLandscapeRight";
				INFOPLIST_KEY_UISupportedInterfaceOrientations_iPhone = "UIInterfaceOrientationPortrait UIInterfaceOrientationLandscapeLeft UIInterfaceOrientationLandscapeRight";
				LD_RUNPATH_SEARCH_PATHS = (
					"$(inherited)",
					"@executable_path/Frameworks",
				);
				MARKETING_VERSION = 1.0;
				PRODUCT_BUNDLE_IDENTIFIER = phoebeeCauld.AbstractFactory;
				PRODUCT_NAME = "$(TARGET_NAME)";
				SWIFT_EMIT_LOC_STRINGS = YES;
				SWIFT_VERSION = 5.0;
				TARGETED_DEVICE_FAMILY = "1,2";
			};
			name = Release;
		};
/* End XCBuildConfiguration section */

/* Begin XCConfigurationList section */
		2D7596A12764F89D0085A61E /* Build configuration list for PBXProject "AbstractFactory" */ = {
			isa = XCConfigurationList;
			buildConfigurations = (
				2D7596B82764F89E0085A61E /* Debug */,
				2D7596B92764F89E0085A61E /* Release */,
			);
			defaultConfigurationIsVisible = 0;
			defaultConfigurationName = Release;
		};
		2D7596BA2764F89E0085A61E /* Build configuration list for PBXNativeTarget "AbstractFactory" */ = {
			isa = XCConfigurationList;
			buildConfigurations = (
				2D7596BB2764F89E0085A61E /* Debug */,
				2D7596BC2764F89E0085A61E /* Release */,
			);
			defaultConfigurationIsVisible = 0;
			defaultConfigurationName = Release;
		};
/* End XCConfigurationList section */
	};
	rootObject = 2D75969E2764F89D0085A61E /* Project object */;
}
